
Microsoft Visual Studio Solution File, Format Version 12.00
# Visual Studio 15
Project("{FAE04EC0-301F-11D3-BF4B-00C04F79EFBC}") = "Assembly-CSharp", "Assembly-CSharp.csproj", "{7F6FDC73-0B4D-6B56-D065-35A6F7C48E92}"
EndProject
Global
	GlobalSection(SolutionConfigurationPlatforms) = preSolution
		Debug|Any CPU = Debug|Any CPU
		Release|Any CPU = Release|Any CPU
	EndGlobalSection
	GlobalSection(ProjectConfigurationPlatforms) = postSolution
		{7F6FDC73-0B4D-6B56-D065-35A6F7C48E92}.Debug|Any CPU.ActiveCfg = Debug|Any CPU
		{7F6FDC73-0B4D-6B56-D065-35A6F7C48E92}.Debug|Any CPU.Build.0 = Debug|Any CPU
		{7F6FDC73-0B4D-6B56-D065-35A6F7C48E92}.Release|Any CPU.ActiveCfg = Release|Any CPU
		{7F6FDC73-0B4D-6B56-D065-35A6F7C48E92}.Release|Any CPU.Build.0 = Release|Any CPU
	EndGlobalSection
	GlobalSection(SolutionProperties) = preSolution
		HideSolutionNode = FALSE
	EndGlobalSection
EndGlobal
